// !$*UTF8*$!
{
	archiveVersion = 1;
	classes = {
	};
	objectVersion = 56;
	objects = {

/* Begin PBXBuildFile section */
		337A814C2BC7AA2900420B6B /* BB_QuotesApp.swift in Sources */ = {isa = PBXBuildFile; fileRef = 337A814B2BC7AA2900420B6B /* BB_QuotesApp.swift */; };
		337A814E2BC7AA2900420B6B /* ContentView.swift in Sources */ = {isa = PBXBuildFile; fileRef = 337A814D2BC7AA2900420B6B /* ContentView.swift */; };
		337A81522BC7AA2D00420B6B /* Assets.xcassets in Resources */ = {isa = PBXBuildFile; fileRef = 337A81512BC7AA2D00420B6B /* Assets.xcassets */; };
		337A81552BC7AA2D00420B6B /* Preview Assets.xcassets in Resources */ = {isa = PBXBuildFile; fileRef = 337A81542BC7AA2D00420B6B /* Preview Assets.xcassets */; };
		337A815C2BC7AC6800420B6B /* samplecharacter.json in Resources */ = {isa = PBXBuildFile; fileRef = 337A815B2BC7AC6700420B6B /* samplecharacter.json */; };
		337A815E2BC8FB0400420B6B /* Quote.swift in Sources */ = {isa = PBXBuildFile; fileRef = 337A815D2BC8FB0400420B6B /* Quote.swift */; };
		337A81602BC8FC3900420B6B /* Character.swift in Sources */ = {isa = PBXBuildFile; fileRef = 337A815F2BC8FC3900420B6B /* Character.swift */; };
		337A81622BCA4AB400420B6B /* FetchController.swift in Sources */ = {isa = PBXBuildFile; fileRef = 337A81612BCA4AB400420B6B /* FetchController.swift */; };
		337A81642BCBA11900420B6B /* Constants.swift in Sources */ = {isa = PBXBuildFile; fileRef = 337A81632BCBA11900420B6B /* Constants.swift */; };
		66D796092BD0CFB1001BFEEC /* ViewModel.swift in Sources */ = {isa = PBXBuildFile; fileRef = 66D796082BD0CFB1001BFEEC /* ViewModel.swift */; };
		66D7960B2BD231E2001BFEEC /* QuoteView.swift in Sources */ = {isa = PBXBuildFile; fileRef = 66D7960A2BD231E2001BFEEC /* QuoteView.swift */; };
/* End PBXBuildFile section */

/* Begin PBXFileReference section */
		337A81482BC7AA2900420B6B /* BB Quotes.app */ = {isa = PBXFileReference; explicitFileType = wrapper.application; includeInIndex = 0; path = "BB Quotes.app"; sourceTree = BUILT_PRODUCTS_DIR; };
		337A814B2BC7AA2900420B6B /* BB_QuotesApp.swift */ = {isa = PBXFileReference; lastKnownFileType = sourcecode.swift; path = BB_QuotesApp.swift; sourceTree = "<group>"; };
		337A814D2BC7AA2900420B6B /* ContentView.swift */ = {isa = PBXFileReference; lastKnownFileType = sourcecode.swift; path = ContentView.swift; sourceTree = "<group>"; };
		337A81512BC7AA2D00420B6B /* Assets.xcassets */ = {isa = PBXFileReference; lastKnownFileType = folder.assetcatalog; path = Assets.xcassets; sourceTree = "<group>"; };
		337A81542BC7AA2D00420B6B /* Preview Assets.xcassets */ = {isa = PBXFileReference; lastKnownFileType = folder.assetcatalog; path = "Preview Assets.xcassets"; sourceTree = "<group>"; };
		337A815B2BC7AC6700420B6B /* samplecharacter.json */ = {isa = PBXFileReference; fileEncoding = 4; lastKnownFileType = text.json; path = samplecharacter.json; sourceTree = "<group>"; };
		337A815D2BC8FB0400420B6B /* Quote.swift */ = {isa = PBXFileReference; lastKnownFileType = sourcecode.swift; path = Quote.swift; sourceTree = "<group>"; };
		337A815F2BC8FC3900420B6B /* Character.swift */ = {isa = PBXFileReference; lastKnownFileType = sourcecode.swift; path = Character.swift; sourceTree = "<group>"; };
		337A81612BCA4AB400420B6B /* FetchController.swift */ = {isa = PBXFileReference; lastKnownFileType = sourcecode.swift; path = FetchController.swift; sourceTree = "<group>"; };
		337A81632BCBA11900420B6B /* Constants.swift */ = {isa = PBXFileReference; lastKnownFileType = sourcecode.swift; path = Constants.swift; sourceTree = "<group>"; };
		66D796082BD0CFB1001BFEEC /* ViewModel.swift */ = {isa = PBXFileReference; lastKnownFileType = sourcecode.swift; path = ViewModel.swift; sourceTree = "<group>"; };
		66D7960A2BD231E2001BFEEC /* QuoteView.swift */ = {isa = PBXFileReference; lastKnownFileType = sourcecode.swift; path = QuoteView.swift; sourceTree = "<group>"; };
/* End PBXFileReference section */

/* Begin PBXFrameworksBuildPhase section */
		337A81452BC7AA2900420B6B /* Frameworks */ = {
			isa = PBXFrameworksBuildPhase;
			buildActionMask = 2147483647;
			files = (
			);
			runOnlyForDeploymentPostprocessing = 0;
		};
/* End PBXFrameworksBuildPhase section */

/* Begin PBXGroup section */
		337A813F2BC7AA2900420B6B = {
			isa = PBXGroup;
			children = (
				337A814A2BC7AA2900420B6B /* BB Quotes */,
				337A81492BC7AA2900420B6B /* Products */,
			);
			sourceTree = "<group>";
		};
		337A81492BC7AA2900420B6B /* Products */ = {
			isa = PBXGroup;
			children = (
				337A81482BC7AA2900420B6B /* BB Quotes.app */,
			);
			name = Products;
			sourceTree = "<group>";
		};
		337A814A2BC7AA2900420B6B /* BB Quotes */ = {
			isa = PBXGroup;
			children = (
				337A814B2BC7AA2900420B6B /* BB_QuotesApp.swift */,
				337A814D2BC7AA2900420B6B /* ContentView.swift */,
				66D796082BD0CFB1001BFEEC /* ViewModel.swift */,
				66D7960A2BD231E2001BFEEC /* QuoteView.swift */,
				337A815D2BC8FB0400420B6B /* Quote.swift */,
				337A815F2BC8FC3900420B6B /* Character.swift */,
				337A81612BCA4AB400420B6B /* FetchController.swift */,
				337A81632BCBA11900420B6B /* Constants.swift */,
				337A815B2BC7AC6700420B6B /* samplecharacter.json */,
				337A81512BC7AA2D00420B6B /* Assets.xcassets */,
				337A81532BC7AA2D00420B6B /* Preview Content */,
			);
			path = "BB Quotes";
			sourceTree = "<group>";
		};
		337A81532BC7AA2D00420B6B /* Preview Content */ = {
			isa = PBXGroup;
			children = (
				337A81542BC7AA2D00420B6B /* Preview Assets.xcassets */,
			);
			path = "Preview Content";
			sourceTree = "<group>";
		};
/* End PBXGroup section */

/* Begin PBXNativeTarget section */
		337A81472BC7AA2900420B6B /* BB Quotes */ = {
			isa = PBXNativeTarget;
			buildConfigurationList = 337A81582BC7AA2D00420B6B /* Build configuration list for PBXNativeTarget "BB Quotes" */;
			buildPhases = (
				337A81442BC7AA2900420B6B /* Sources */,
				337A81452BC7AA2900420B6B /* Frameworks */,
				337A81462BC7AA2900420B6B /* Resources */,
			);
			buildRules = (
			);
			dependencies = (
			);
			name = "BB Quotes";
			productName = "BB Quotes";
			productReference = 337A81482BC7AA2900420B6B /* BB Quotes.app */;
			productType = "com.apple.product-type.application";
		};
/* End PBXNativeTarget section */

/* Begin PBXProject section */
		337A81402BC7AA2900420B6B /* Project object */ = {
			isa = PBXProject;
			attributes = {
				BuildIndependentTargetsInParallel = 1;
				LastSwiftUpdateCheck = 1520;
				LastUpgradeCheck = 1520;
				TargetAttributes = {
					337A81472BC7AA2900420B6B = {
						CreatedOnToolsVersion = 15.2;
					};
				};
			};
			buildConfigurationList = 337A81432BC7AA2900420B6B /* Build configuration list for PBXProject "BB Quotes" */;
			compatibilityVersion = "Xcode 14.0";
			developmentRegion = en;
			hasScannedForEncodings = 0;
			knownRegions = (
				en,
				Base,
			);
			mainGroup = 337A813F2BC7AA2900420B6B;
			productRefGroup = 337A81492BC7AA2900420B6B /* Products */;
			projectDirPath = "";
			projectRoot = "";
			targets = (
				337A81472BC7AA2900420B6B /* BB Quotes */,
			);
		};
/* End PBXProject section */

/* Begin PBXResourcesBuildPhase section */
		337A81462BC7AA2900420B6B /* Resources */ = {
			isa = PBXResourcesBuildPhase;
			buildActionMask = 2147483647;
			files = (
				337A81552BC7AA2D00420B6B /* Preview Assets.xcassets in Resources */,
				337A815C2BC7AC6800420B6B /* samplecharacter.json in Resources */,
				337A81522BC7AA2D00420B6B /* Assets.xcassets in Resources */,
			);
			runOnlyForDeploymentPostprocessing = 0;
		};
/* End PBXResourcesBuildPhase section */

/* Begin PBXSourcesBuildPhase section */
		337A81442BC7AA2900420B6B /* Sources */ = {
			isa = PBXSourcesBuildPhase;
			buildActionMask = 2147483647;
			files = (
				337A814E2BC7AA2900420B6B /* ContentView.swift in Sources */,
				337A815E2BC8FB0400420B6B /* Quote.swift in Sources */,
				337A814C2BC7AA2900420B6B /* BB_QuotesApp.swift in Sources */,
				66D7960B2BD231E2001BFEEC /* QuoteView.swift in Sources */,
				337A81622BCA4AB400420B6B /* FetchController.swift in Sources */,
				337A81602BC8FC3900420B6B /* Character.swift in Sources */,
				337A81642BCBA11900420B6B /* Constants.swift in Sources */,
				66D796092BD0CFB1001BFEEC /* ViewModel.swift in Sources */,
			);
			runOnlyForDeploymentPostprocessing = 0;
		};
/* End PBXSourcesBuildPhase section */

/* Begin XCBuildConfiguration section */
		337A81562BC7AA2D00420B6B /* Debug */ = {
			isa = XCBuildConfiguration;
			buildSettings = {
				ALWAYS_SEARCH_USER_PATHS = NO;
				ASSETCATALOG_COMPILER_GENERATE_SWIFT_ASSET_SYMBOL_EXTENSIONS = YES;
				CLANG_ANALYZER_NONNULL = YES;
				CLANG_ANALYZER_NUMBER_OBJECT_CONVERSION = YES_AGGRESSIVE;
				CLANG_CXX_LANGUAGE_STANDARD = "gnu++20";
				CLANG_ENABLE_MODULES = YES;
				CLANG_ENABLE_OBJC_ARC = YES;
				CLANG_ENABLE_OBJC_WEAK = YES;
				CLANG_WARN_BLOCK_CAPTURE_AUTORELEASING = YES;
				CLANG_WARN_BOOL_CONVERSION = YES;
				CLANG_WARN_COMMA = YES;
				CLANG_WARN_CONSTANT_CONVERSION = YES;
				CLANG_WARN_DEPRECATED_OBJC_IMPLEMENTATIONS = YES;
				CLANG_WARN_DIRECT_OBJC_ISA_USAGE = YES_ERROR;
				CLANG_WARN_DOCUMENTATION_COMMENTS = YES;
				CLANG_WARN_EMPTY_BODY = YES;
				CLANG_WARN_ENUM_CONVERSION = YES;
				CLANG_WARN_INFINITE_RECURSION = YES;
				CLANG_WARN_INT_CONVERSION = YES;
				CLANG_WARN_NON_LITERAL_NULL_CONVERSION = YES;
				CLANG_WARN_OBJC_IMPLICIT_RETAIN_SELF = YES;
				CLANG_WARN_OBJC_LITERAL_CONVERSION = YES;
				CLANG_WARN_OBJC_ROOT_CLASS = YES_ERROR;
				CLANG_WARN_QUOTED_INCLUDE_IN_FRAMEWORK_HEADER = YES;
				CLANG_WARN_RANGE_LOOP_ANALYSIS = YES;
				CLANG_WARN_STRICT_PROTOTYPES = YES;
				CLANG_WARN_SUSPICIOUS_MOVE = YES;
				CLANG_WARN_UNGUARDED_AVAILABILITY = YES_AGGRESSIVE;
				CLANG_WARN_UNREACHABLE_CODE = YES;
				CLANG_WARN__DUPLICATE_METHOD_MATCH = YES;
				COPY_PHASE_STRIP = NO;
				DEBUG_INFORMATION_FORMAT = dwarf;
				ENABLE_STRICT_OBJC_MSGSEND = YES;
				ENABLE_TESTABILITY = YES;
				ENABLE_USER_SCRIPT_SANDBOXING = YES;
				GCC_C_LANGUAGE_STANDARD = gnu17;
				GCC_DYNAMIC_NO_PIC = NO;
				GCC_NO_COMMON_BLOCKS = YES;
				GCC_OPTIMIZATION_LEVEL = 0;
				GCC_PREPROCESSOR_DEFINITIONS = (
					"DEBUG=1",
					"$(inherited)",
				);
				GCC_WARN_64_TO_32_BIT_CONVERSION = YES;
				GCC_WARN_ABOUT_RETURN_TYPE = YES_ERROR;
				GCC_WARN_UNDECLARED_SELECTOR = YES;
				GCC_WARN_UNINITIALIZED_AUTOS = YES_AGGRESSIVE;
				GCC_WARN_UNUSED_FUNCTION = YES;
				GCC_WARN_UNUSED_VARIABLE = YES;
				IPHONEOS_DEPLOYMENT_TARGET = 17.2;
				LOCALIZATION_PREFERS_STRING_CATALOGS = YES;
				MTL_ENABLE_DEBUG_INFO = INCLUDE_SOURCE;
				MTL_FAST_MATH = YES;
				ONLY_ACTIVE_ARCH = YES;
				SDKROOT = iphoneos;
				SWIFT_ACTIVE_COMPILATION_CONDITIONS = "DEBUG $(inherited)";
				SWIFT_OPTIMIZATION_LEVEL = "-Onone";
			};
			name = Debug;
		};
		337A81572BC7AA2D00420B6B /* Release */ = {
			isa = XCBuildConfiguration;
			buildSettings = {
				ALWAYS_SEARCH_USER_PATHS = NO;
				ASSETCATALOG_COMPILER_GENERATE_SWIFT_ASSET_SYMBOL_EXTENSIONS = YES;
				CLANG_ANALYZER_NONNULL = YES;
				CLANG_ANALYZER_NUMBER_OBJECT_CONVERSION = YES_AGGRESSIVE;
				CLANG_CXX_LANGUAGE_STANDARD = "gnu++20";
				CLANG_ENABLE_MODULES = YES;
				CLANG_ENABLE_OBJC_ARC = YES;
				CLANG_ENABLE_OBJC_WEAK = YES;
				CLANG_WARN_BLOCK_CAPTURE_AUTORELEASING = YES;
				CLANG_WARN_BOOL_CONVERSION = YES;
				CLANG_WARN_COMMA = YES;
				CLANG_WARN_CONSTANT_CONVERSION = YES;
				CLANG_WARN_DEPRECATED_OBJC_IMPLEMENTATIONS = YES;
				CLANG_WARN_DIRECT_OBJC_ISA_USAGE = YES_ERROR;
				CLANG_WARN_DOCUMENTATION_COMMENTS = YES;
				CLANG_WARN_EMPTY_BODY = YES;
				CLANG_WARN_ENUM_CONVERSION = YES;
				CLANG_WARN_INFINITE_RECURSION = YES;
				CLANG_WARN_INT_CONVERSION = YES;
				CLANG_WARN_NON_LITERAL_NULL_CONVERSION = YES;
				CLANG_WARN_OBJC_IMPLICIT_RETAIN_SELF = YES;
				CLANG_WARN_OBJC_LITERAL_CONVERSION = YES;
				CLANG_WARN_OBJC_ROOT_CLASS = YES_ERROR;
				CLANG_WARN_QUOTED_INCLUDE_IN_FRAMEWORK_HEADER = YES;
				CLANG_WARN_RANGE_LOOP_ANALYSIS = YES;
				CLANG_WARN_STRICT_PROTOTYPES = YES;
				CLANG_WARN_SUSPICIOUS_MOVE = YES;
				CLANG_WARN_UNGUARDED_AVAILABILITY = YES_AGGRESSIVE;
				CLANG_WARN_UNREACHABLE_CODE = YES;
				CLANG_WARN__DUPLICATE_METHOD_MATCH = YES;
				COPY_PHASE_STRIP = NO;
				DEBUG_INFORMATION_FORMAT = "dwarf-with-dsym";
				ENABLE_NS_ASSERTIONS = NO;
				ENABLE_STRICT_OBJC_MSGSEND = YES;
				ENABLE_USER_SCRIPT_SANDBOXING = YES;
				GCC_C_LANGUAGE_STANDARD = gnu17;
				GCC_NO_COMMON_BLOCKS = YES;
				GCC_WARN_64_TO_32_BIT_CONVERSION = YES;
				GCC_WARN_ABOUT_RETURN_TYPE = YES_ERROR;
				GCC_WARN_UNDECLARED_SELECTOR = YES;
				GCC_WARN_UNINITIALIZED_AUTOS = YES_AGGRESSIVE;
				GCC_WARN_UNUSED_FUNCTION = YES;
				GCC_WARN_UNUSED_VARIABLE = YES;
				IPHONEOS_DEPLOYMENT_TARGET = 17.2;
				LOCALIZATION_PREFERS_STRING_CATALOGS = YES;
				MTL_ENABLE_DEBUG_INFO = NO;
				MTL_FAST_MATH = YES;
				SDKROOT = iphoneos;
				SWIFT_COMPILATION_MODE = wholemodule;
				VALIDATE_PRODUCT = YES;
			};
			name = Release;
		};
		337A81592BC7AA2D00420B6B /* Debug */ = {
			isa = XCBuildConfiguration;
			buildSettings = {
				ASSETCATALOG_COMPILER_APPICON_NAME = AppIcon;
				ASSETCATALOG_COMPILER_GLOBAL_ACCENT_COLOR_NAME = AccentColor;
				CODE_SIGN_STYLE = Automatic;
				CURRENT_PROJECT_VERSION = 1;
				DEVELOPMENT_ASSET_PATHS = "\"BB Quotes/Preview Content\"";
				DEVELOPMENT_TEAM = 5JPC23XT4V;
				ENABLE_PREVIEWS = YES;
				GENERATE_INFOPLIST_FILE = YES;
				INFOPLIST_KEY_UIApplicationSceneManifest_Generation = YES;
				INFOPLIST_KEY_UIApplicationSupportsIndirectInputEvents = YES;
				INFOPLIST_KEY_UILaunchScreen_Generation = YES;
				INFOPLIST_KEY_UISupportedInterfaceOrientations_iPad = "UIInterfaceOrientationPortrait UIInterfaceOrientationPortraitUpsideDown UIInterfaceOrientationLandscapeLeft UIInterfaceOrientationLandscapeRight";
				INFOPLIST_KEY_UISupportedInterfaceOrientations_iPhone = "UIInterfaceOrientationPortrait UIInterfaceOrientationLandscapeLeft UIInterfaceOrientationLandscapeRight";
				LD_RUNPATH_SEARCH_PATHS = (
					"$(inherited)",
					"@executable_path/Frameworks",
				);
				MARKETING_VERSION = 1.0;
				PRODUCT_BUNDLE_IDENTIFIER = "com.romanconsulting.BB-Quotes";
				PRODUCT_NAME = "$(TARGET_NAME)";
				SWIFT_EMIT_LOC_STRINGS = YES;
				SWIFT_VERSION = 5.0;
				TARGETED_DEVICE_FAMILY = "1,2";
			};
			name = Debug;
		};
		337A815A2BC7AA2D00420B6B /* Release */ = {
			isa = XCBuildConfiguration;
			buildSettings = {
				ASSETCATALOG_COMPILER_APPICON_NAME = AppIcon;
				ASSETCATALOG_COMPILER_GLOBAL_ACCENT_COLOR_NAME = AccentColor;
				CODE_SIGN_STYLE = Automatic;
				CURRENT_PROJECT_VERSION = 1;
				DEVELOPMENT_ASSET_PATHS = "\"BB Quotes/Preview Content\"";
				DEVELOPMENT_TEAM = 5JPC23XT4V;
				ENABLE_PREVIEWS = YES;
				GENERATE_INFOPLIST_FILE = YES;
				INFOPLIST_KEY_UIApplicationSceneManifest_Generation = YES;
				INFOPLIST_KEY_UIApplicationSupportsIndirectInputEvents = YES;
				INFOPLIST_KEY_UILaunchScreen_Generation = YES;
				INFOPLIST_KEY_UISupportedInterfaceOrientations_iPad = "UIInterfaceOrientationPortrait UIInterfaceOrientationPortraitUpsideDown UIInterfaceOrientationLandscapeLeft UIInterfaceOrientationLandscapeRight";
				INFOPLIST_KEY_UISupportedInterfaceOrientations_iPhone = "UIInterfaceOrientationPortrait UIInterfaceOrientationLandscapeLeft UIInterfaceOrientationLandscapeRight";
				LD_RUNPATH_SEARCH_PATHS = (
					"$(inherited)",
					"@executable_path/Frameworks",
				);
				MARKETING_VERSION = 1.0;
				PRODUCT_BUNDLE_IDENTIFIER = "com.romanconsulting.BB-Quotes";
				PRODUCT_NAME = "$(TARGET_NAME)";
				SWIFT_EMIT_LOC_STRINGS = YES;
				SWIFT_VERSION = 5.0;
				TARGETED_DEVICE_FAMILY = "1,2";
			};
			name = Release;
		};
/* End XCBuildConfiguration section */

/* Begin XCConfigurationList section */
		337A81432BC7AA2900420B6B /* Build configuration list for PBXProject "BB Quotes" */ = {
			isa = XCConfigurationList;
			buildConfigurations = (
				337A81562BC7AA2D00420B6B /* Debug */,
				337A81572BC7AA2D00420B6B /* Release */,
			);
			defaultConfigurationIsVisible = 0;
			defaultConfigurationName = Release;
		};
		337A81582BC7AA2D00420B6B /* Build configuration list for PBXNativeTarget "BB Quotes" */ = {
			isa = XCConfigurationList;
			buildConfigurations = (
				337A81592BC7AA2D00420B6B /* Debug */,
				337A815A2BC7AA2D00420B6B /* Release */,
			);
			defaultConfigurationIsVisible = 0;
			defaultConfigurationName = Release;
		};
/* End XCConfigurationList section */
	};
	rootObject = 337A81402BC7AA2900420B6B /* Project object */;
}
